
Microsoft Visual Studio Solution File, Format Version 12.00
# Visual Studio 2013
VisualStudioVersion = 12.0.31101.0
MinimumVisualStudioVersion = 10.0.40219.1
Project("{FAE04EC0-301F-11D3-BF4B-00C04F79EFBC}") = "WDSiPXE", "WDSiPXE\WDSiPXE.csproj", "{E169F678-55AD-4AA4-B128-810F1E3D6AEE}"
EndProject
Project("{FAE04EC0-301F-11D3-BF4B-00C04F79EFBC}") = "WDSiPXE.Tests", "WDSiPXE.Tests\WDSiPXE.Tests.csproj", "{742AED50-7D14-4A8B-A8E2-BD83C89A25DC}"
EndProject
Project("{2150E333-8FDC-42A3-9474-1A3956D46DE8}") = ".nuget", ".nuget", "{9B2F7D8B-6AAD-4605-BB26-9B916107A5A6}"
	ProjectSection(SolutionItems) = preProject
		.nuget\NuGet.Config = .nuget\NuGet.Config
		.nuget\NuGet.exe = .nuget\NuGet.exe
		.nuget\NuGet.targets = .nuget\NuGet.targets
	EndProjectSection
EndProject
Global
	GlobalSection(SolutionConfigurationPlatforms) = preSolution
		Debug|Any CPU = Debug|Any CPU
		Release|Any CPU = Release|Any CPU
	EndGlobalSection
	GlobalSection(ProjectConfigurationPlatforms) = postSolution
		{E169F678-55AD-4AA4-B128-810F1E3D6AEE}.Debug|Any CPU.ActiveCfg = Debug|Any CPU
		{E169F678-55AD-4AA4-B128-810F1E3D6AEE}.Debug|Any CPU.Build.0 = Debug|Any CPU
		{E169F678-55AD-4AA4-B128-810F1E3D6AEE}.Release|Any CPU.ActiveCfg = Release|Any CPU
		{E169F678-55AD-4AA4-B128-810F1E3D6AEE}.Release|Any CPU.Build.0 = Release|Any CPU
		{742AED50-7D14-4A8B-A8E2-BD83C89A25DC}.Debug|Any CPU.ActiveCfg = Debug|Any CPU
		{742AED50-7D14-4A8B-A8E2-BD83C89A25DC}.Debug|Any CPU.Build.0 = Debug|Any CPU
		{742AED50-7D14-4A8B-A8E2-BD83C89A25DC}.Release|Any CPU.ActiveCfg = Release|Any CPU
		{742AED50-7D14-4A8B-A8E2-BD83C89A25DC}.Release|Any CPU.Build.0 = Release|Any CPU
	EndGlobalSection
	GlobalSection(SolutionProperties) = preSolution
		HideSolutionNode = FALSE
	EndGlobalSection
EndGlobal
